
Microsoft Visual Studio Solution File, Format Version 12.00
Project("{FAE04EC0-301F-11D3-BF4B-00C04F79EFBC}") = "mlt.api", "mlt.api\mlt.api.csproj", "{F9560BDF-88CD-44E9-9C23-CCE59C9E121C}"
EndProject
Project("{2150E333-8FDC-42A3-9474-1A3956D46DE8}") = ".pipeline", ".pipeline", "{EB6F470F-DDAA-4E4E-81E0-2CD382CDD03A}"
	ProjectSection(SolutionItems) = preProject
		.github\workflows\mlt-api-build-and-deploy.yml = .github\workflows\mlt-api-build-and-deploy.yml
	EndProjectSection
EndProject
Project("{2150E333-8FDC-42A3-9474-1A3956D46DE8}") = ".dockerfiles", ".dockerfiles", "{38FFBAC1-B3AC-4684-9C10-3FB157C405FB}"
	ProjectSection(SolutionItems) = preProject
		mlt.api.Dockerfile = mlt.api.Dockerfile
	EndProjectSection
EndProject
Project("{FAE04EC0-301F-11D3-BF4B-00C04F79EFBC}") = "mlt.dal", "mlt.dal\mlt.dal.csproj", "{A72EEDCB-44E2-4F78-9861-B79E55363199}"
EndProject
Project("{FAE04EC0-301F-11D3-BF4B-00C04F79EFBC}") = "mlt.common", "mlt.common\mlt.common.csproj", "{6B622518-5869-4C94-BA81-CC62F5EE257D}"
EndProject
Project("{FAE04EC0-301F-11D3-BF4B-00C04F79EFBC}") = "mlt.services", "mlt.services\mlt.services.csproj", "{0536C933-3BA4-4901-978E-1BB0D869C102}"
EndProject
Global
	GlobalSection(SolutionConfigurationPlatforms) = preSolution
		Debug|Any CPU = Debug|Any CPU
		Release|Any CPU = Release|Any CPU
	EndGlobalSection
	GlobalSection(ProjectConfigurationPlatforms) = postSolution
		{F9560BDF-88CD-44E9-9C23-CCE59C9E121C}.Debug|Any CPU.ActiveCfg = Debug|Any CPU
		{F9560BDF-88CD-44E9-9C23-CCE59C9E121C}.Debug|Any CPU.Build.0 = Debug|Any CPU
		{F9560BDF-88CD-44E9-9C23-CCE59C9E121C}.Release|Any CPU.ActiveCfg = Release|Any CPU
		{F9560BDF-88CD-44E9-9C23-CCE59C9E121C}.Release|Any CPU.Build.0 = Release|Any CPU
		{A72EEDCB-44E2-4F78-9861-B79E55363199}.Debug|Any CPU.ActiveCfg = Debug|Any CPU
		{A72EEDCB-44E2-4F78-9861-B79E55363199}.Debug|Any CPU.Build.0 = Debug|Any CPU
		{A72EEDCB-44E2-4F78-9861-B79E55363199}.Release|Any CPU.ActiveCfg = Release|Any CPU
		{A72EEDCB-44E2-4F78-9861-B79E55363199}.Release|Any CPU.Build.0 = Release|Any CPU
		{6B622518-5869-4C94-BA81-CC62F5EE257D}.Debug|Any CPU.ActiveCfg = Debug|Any CPU
		{6B622518-5869-4C94-BA81-CC62F5EE257D}.Debug|Any CPU.Build.0 = Debug|Any CPU
		{6B622518-5869-4C94-BA81-CC62F5EE257D}.Release|Any CPU.ActiveCfg = Release|Any CPU
		{6B622518-5869-4C94-BA81-CC62F5EE257D}.Release|Any CPU.Build.0 = Release|Any CPU
		{0536C933-3BA4-4901-978E-1BB0D869C102}.Debug|Any CPU.ActiveCfg = Debug|Any CPU
		{0536C933-3BA4-4901-978E-1BB0D869C102}.Debug|Any CPU.Build.0 = Debug|Any CPU
		{0536C933-3BA4-4901-978E-1BB0D869C102}.Release|Any CPU.ActiveCfg = Release|Any CPU
		{0536C933-3BA4-4901-978E-1BB0D869C102}.Release|Any CPU.Build.0 = Release|Any CPU
	EndGlobalSection
EndGlobal
